{
  "pins" : [
    {
      "identity" : "swifttensor",
      "kind" : "remoteSourceControl",
      "location" : "https://github.com/AdamSmith-physics/SwiftTensor.git",
      "state" : {
        "branch" : "2-convert-to-library",
        "revision" : "03a5d9c79078fb732f904fe69355b3aa8ca88a97"
      }
    }
  ],
  "version" : 2
}
